
Microsoft Visual Studio Solution File, Format Version 12.00
# Visual Studio Version 16
VisualStudioVersion = 16.0.31402.337
MinimumVisualStudioVersion = 10.0.40219.1
Project("{FAE04EC0-301F-11D3-BF4B-00C04F79EFBC}") = "TestTecnicals", "TestTecnicals\TestTecnicals.csproj", "{6BD7F0C2-B877-4BBC-B6DC-D97E43AF9CCF}"
EndProject
Global
	GlobalSection(SolutionConfigurationPlatforms) = preSolution
		Debug|Any CPU = Debug|Any CPU
		Release|Any CPU = Release|Any CPU
	EndGlobalSection
	GlobalSection(ProjectConfigurationPlatforms) = postSolution
		{6BD7F0C2-B877-4BBC-B6DC-D97E43AF9CCF}.Debug|Any CPU.ActiveCfg = Debug|Any CPU
		{6BD7F0C2-B877-4BBC-B6DC-D97E43AF9CCF}.Debug|Any CPU.Build.0 = Debug|Any CPU
		{6BD7F0C2-B877-4BBC-B6DC-D97E43AF9CCF}.Release|Any CPU.ActiveCfg = Release|Any CPU
		{6BD7F0C2-B877-4BBC-B6DC-D97E43AF9CCF}.Release|Any CPU.Build.0 = Release|Any CPU
	EndGlobalSection
	GlobalSection(SolutionProperties) = preSolution
		HideSolutionNode = FALSE
	EndGlobalSection
	GlobalSection(ExtensibilityGlobals) = postSolution
		SolutionGuid = {165CC897-9E7B-4350-AE5A-52CC51FCFEFC}
	EndGlobalSection
EndGlobal
